{
  "version": "5",
  "specifiers": {
    "npm:diff@8.0.2": "8.0.2",
    "npm:diff@9.0.0": "9.0.0",
    "npm:react@19.2.0": "19.2.0",
    "npm:typescript@5.9.3": "5.9.3",
    "npm:zustand@5.0.12": "5.0.12_react@19.2.0"
  },
  "npm": {
    "diff@8.0.2": {
      "integrity": "sha512-sSuxWU5j5SR9QQji/o2qMvqRNYRDOcBTgsJ/DeCf4iSN4gW+gNMXM7wFIP+fdXZxoNiAnHUTGjCr+TSWXdRDKg=="
    },
    "diff@9.0.0": {
      "integrity": "sha512-svtcdpS8CgJyqAjEQIXdb3OjhFVVYjzGAPO8WGCmRbrml64SPw/jJD4GoE98aR7r25A0XcgrK3F02yw9R/vhQw=="
    },
    "react@19.2.0": {
      "integrity": "sha512-tmbWg6W31tQLeB5cdIBOicJDJRR2KzXsV7uSK9iNfLWQ5bIZfxuPEHp7M8wiHyHnn0DD1i7w3Zmin0FtkrwoCQ=="
    },
    "typescript@5.9.3": {
      "integrity": "sha512-jl1vZzPDinLr9eUt3J/t7V6FgNEw9QjvBPdysz9KfQDD41fQrC2Y4vKQdiaUpFT4bXlb1RHhLpp8wtm6M5TgSw==",
      "bin": true
    },
    "zustand@5.0.12_react@19.2.0": {
      "integrity": "sha512-i77ae3aZq4dhMlRhJVCYgMLKuSiZAaUPAct2AksxQ+gOtimhGMdXljRT21P5BNpeT4kXlLIckvkPM029OljD7g==",
      "dependencies": [
        "react"
      ],
      "optionalPeers": [
        "react"
      ]
    }
  },
  "workspace": {
    "dependencies": [
      "npm:diff@9.0.0",
      "npm:react@19.2.0",
      "npm:zustand@5.0.12"
    ]
  }
}
